
Microsoft Visual Studio Solution File, Format Version 12.00
# Visual Studio 15
VisualStudioVersion = 15.0.27004.2002
MinimumVisualStudioVersion = 10.0.40219.1
Project("{FAE04EC0-301F-11D3-BF4B-00C04F79EFBC}") = "ImportCsv2SqlDB", "ImportCsv2SqlDB.csproj", "{43276E9D-A446-45CE-8205-39EDB7FB2DFF}"
EndProject
Global
	GlobalSection(SolutionConfigurationPlatforms) = preSolution
		Debug|Any CPU = Debug|Any CPU
		Release|Any CPU = Release|Any CPU
	EndGlobalSection
	GlobalSection(ProjectConfigurationPlatforms) = postSolution
		{43276E9D-A446-45CE-8205-39EDB7FB2DFF}.Debug|Any CPU.ActiveCfg = Debug|Any CPU
		{43276E9D-A446-45CE-8205-39EDB7FB2DFF}.Debug|Any CPU.Build.0 = Debug|Any CPU
		{43276E9D-A446-45CE-8205-39EDB7FB2DFF}.Release|Any CPU.ActiveCfg = Release|Any CPU
		{43276E9D-A446-45CE-8205-39EDB7FB2DFF}.Release|Any CPU.Build.0 = Release|Any CPU
	EndGlobalSection
	GlobalSection(SolutionProperties) = preSolution
		HideSolutionNode = FALSE
	EndGlobalSection
	GlobalSection(ExtensibilityGlobals) = postSolution
		SolutionGuid = {8DD97389-DD4B-4CEA-BD4B-5AEF8C5A5D5F}
	EndGlobalSection
EndGlobal
